
Microsoft Visual Studio Solution File, Format Version 12.00
# Visual Studio 15
VisualStudioVersion = 15.0.27130.0
MinimumVisualStudioVersion = 10.0.40219.1
Project("{FAE04EC0-301F-11D3-BF4B-00C04F79EFBC}") = "SoapService", "SoapService\SoapService.csproj", "{D08063B4-28A5-4A4E-ACC3-49A9BC5B681B}"
EndProject
Global
	GlobalSection(SolutionConfigurationPlatforms) = preSolution
		Debug|Any CPU = Debug|Any CPU
		Release|Any CPU = Release|Any CPU
	EndGlobalSection
	GlobalSection(ProjectConfigurationPlatforms) = postSolution
		{D08063B4-28A5-4A4E-ACC3-49A9BC5B681B}.Debug|Any CPU.ActiveCfg = Debug|Any CPU
		{D08063B4-28A5-4A4E-ACC3-49A9BC5B681B}.Debug|Any CPU.Build.0 = Debug|Any CPU
		{D08063B4-28A5-4A4E-ACC3-49A9BC5B681B}.Release|Any CPU.ActiveCfg = Release|Any CPU
		{D08063B4-28A5-4A4E-ACC3-49A9BC5B681B}.Release|Any CPU.Build.0 = Release|Any CPU
	EndGlobalSection
	GlobalSection(SolutionProperties) = preSolution
		HideSolutionNode = FALSE
	EndGlobalSection
	GlobalSection(ExtensibilityGlobals) = postSolution
		SolutionGuid = {7FE4144A-8418-4BEE-B81B-10784E6C3BBD}
	EndGlobalSection
EndGlobal
